
Microsoft Visual Studio Solution File, Format Version 12.00
# Visual Studio Version 17
VisualStudioVersion = 17.0.31903.59
MinimumVisualStudioVersion = 10.0.40219.1
Project("{2150E333-8FDC-42A3-9474-1A3956D46DE8}") = "src", "src", "{6EB8CAAB-7597-4B35-87D0-0B8789C6DD2A}"
EndProject
Project("{FAE04EC0-301F-11D3-BF4B-00C04F79EFBC}") = "WeatherApp.Web", "src\WeatherApp.Web\WeatherApp.Web.csproj", "{D99126B7-5F32-43F5-BBB4-343CD0EA2D25}"
EndProject
Global
	GlobalSection(SolutionConfigurationPlatforms) = preSolution
		Debug|Any CPU = Debug|Any CPU
		Release|Any CPU = Release|Any CPU
	EndGlobalSection
	GlobalSection(SolutionProperties) = preSolution
		HideSolutionNode = FALSE
	EndGlobalSection
	GlobalSection(ProjectConfigurationPlatforms) = postSolution
		{D99126B7-5F32-43F5-BBB4-343CD0EA2D25}.Debug|Any CPU.ActiveCfg = Debug|Any CPU
		{D99126B7-5F32-43F5-BBB4-343CD0EA2D25}.Debug|Any CPU.Build.0 = Debug|Any CPU
		{D99126B7-5F32-43F5-BBB4-343CD0EA2D25}.Release|Any CPU.ActiveCfg = Release|Any CPU
		{D99126B7-5F32-43F5-BBB4-343CD0EA2D25}.Release|Any CPU.Build.0 = Release|Any CPU
	EndGlobalSection
	GlobalSection(NestedProjects) = preSolution
		{D99126B7-5F32-43F5-BBB4-343CD0EA2D25} = {6EB8CAAB-7597-4B35-87D0-0B8789C6DD2A}
	EndGlobalSection
EndGlobal
