{
  "version": 2,
  "dependencies": {
    "net8.0": {
      "Carter": {
        "type": "Direct",
        "requested": "[7.2.0, )",
        "resolved": "7.2.0",
        "contentHash": "IZ11tAruv1IXN/eyRpf0XkfeAbjPvjiQrudFy+zJywVNk1ltAiPopR+5DdRgxTiTpP0V3rem3/Pirjzo94fT2g==",
        "dependencies": {
          "FluentValidation": "11.0.1",
          "Microsoft.Extensions.DependencyModel": "7.0.0"
        }
      },
      "Microsoft.AspNetCore.SpaProxy": {
        "type": "Direct",
        "requested": "[7.0.5, )",
        "resolved": "7.0.5",
        "contentHash": "WYLd7XrewukpPMbWzVEOE/rMI1Nu68euZfh3M31iilnpH5T78LX9Y5Yz87YOPdrwO3urzaN621RFqF9ZayDR6A=="
      },
      "FluentValidation": {
        "type": "Transitive",
        "resolved": "11.0.1",
        "contentHash": "fcL5zF/glDwskUtpL0IfBupVWTChxOOvVs+dAA7Gme5NjIeJBiFKWq3eZV1O+AigucnBTr8SWG7wRRn+PgFnTw=="
      },
      "Microsoft.Extensions.DependencyModel": {
        "type": "Transitive",
        "resolved": "7.0.0",
        "contentHash": "oONNYd71J3LzkWc4fUHl3SvMfiQMYUCo/mDHDEu76hYYxdhdrPYv6fvGv9nnKVyhE9P0h20AU8RZB5OOWQcAXg==",
        "dependencies": {
          "System.Text.Encodings.Web": "7.0.0",
          "System.Text.Json": "7.0.0"
        }
      },
      "System.Text.Encodings.Web": {
        "type": "Transitive",
        "resolved": "7.0.0",
        "contentHash": "OP6umVGxc0Z0MvZQBVigj4/U31Pw72ITihDWP9WiWDm+q5aoe0GaJivsfYGq53o6dxH7DcXWiCTl7+0o2CGdmg=="
      },
      "System.Text.Json": {
        "type": "CentralTransitive",
        "requested": "[7.0.3, )",
        "resolved": "7.0.0",
        "contentHash": "DaGSsVqKsn/ia6RG8frjwmJonfos0srquhw09TlT8KRw5I43E+4gs+/bZj4K0vShJ5H9imCuXupb4RmS+dBy3w==",
        "dependencies": {
          "System.Text.Encodings.Web": "7.0.0"
        }
      }
    }
  }
}